# This file is automatically @generated by Cargo.
# It is not intended for manual editing.
version = 3

[[package]]
name = "aoc_2021_01"
version = "0.1.0"

[[package]]
name = "aoc_2021_02"
version = "0.1.0"
dependencies = [
 "file-input",
]

[[package]]
name = "aoc_2021_03"
version = "0.1.0"
dependencies = [
 "b_tree_lib",
 "file-input",
]

[[package]]
name = "b_tree_lib"
version = "0.1.0"

[[package]]
name = "file-input"
version = "0.1.0"
